// !$*UTF8*$!
{
	archiveVersion = 1;
	classes = {
	};
	objectVersion = 56;
	objects = {

/* Begin PBXBuildFile section */
		DB19CAE62AC0655E004DF85D /* Splash.gif in Resources */ = {isa = PBXBuildFile; fileRef = DB19CAE52AC0655E004DF85D /* Splash.gif */; };
		DB19CAE82AC073B9004DF85D /* SplashView.swift in Sources */ = {isa = PBXBuildFile; fileRef = DB19CAE72AC073B9004DF85D /* SplashView.swift */; };
		DB19CAF02AC081DB004DF85D /* SDWebImageSwiftUI in Frameworks */ = {isa = PBXBuildFile; productRef = DB19CAEF2AC081DB004DF85D /* SDWebImageSwiftUI */; };
		DB19CAF22AC08869004DF85D /* OnBoardingView.swift in Sources */ = {isa = PBXBuildFile; fileRef = DB19CAF12AC08869004DF85D /* OnBoardingView.swift */; };
		DB19CAF72AC31D95004DF85D /* TabModel.swift in Sources */ = {isa = PBXBuildFile; fileRef = DB19CAF62AC31D94004DF85D /* TabModel.swift */; };
		DB19CAFD2AC4C918004DF85D /* PlayfairDisplay-Regular.ttf in Resources */ = {isa = PBXBuildFile; fileRef = DB19CAFB2AC4C917004DF85D /* PlayfairDisplay-Regular.ttf */; };
		DB19CAFE2AC4C918004DF85D /* PlayfairDisplay-Bold.ttf in Resources */ = {isa = PBXBuildFile; fileRef = DB19CAFC2AC4C918004DF85D /* PlayfairDisplay-Bold.ttf */; };
		DB667C082AC82B08000FAD83 /* IPDataModel.swift in Sources */ = {isa = PBXBuildFile; fileRef = DB667C072AC82B08000FAD83 /* IPDataModel.swift */; };
		DB667C0A2AC82F94000FAD83 /* AppViewModel.swift in Sources */ = {isa = PBXBuildFile; fileRef = DB667C092AC82F94000FAD83 /* AppViewModel.swift */; };
		DB6FED242ABEEE3E009A0ED1 /* HomeView.swift in Sources */ = {isa = PBXBuildFile; fileRef = DB6FED232ABEEE3E009A0ED1 /* HomeView.swift */; };
		DB6FED282ABF1835009A0ED1 /* SignInWithAppleButton.swift in Sources */ = {isa = PBXBuildFile; fileRef = DB6FED272ABF1835009A0ED1 /* SignInWithAppleButton.swift */; };
		DBE129C42ABDD08E003FB6C6 /* iBiomeApp.swift in Sources */ = {isa = PBXBuildFile; fileRef = DBE129C32ABDD08E003FB6C6 /* iBiomeApp.swift */; };
		DBE129C62ABDD08E003FB6C6 /* Persistence.swift in Sources */ = {isa = PBXBuildFile; fileRef = DBE129C52ABDD08E003FB6C6 /* Persistence.swift */; };
		DBE129C92ABDD08E003FB6C6 /* iBiome.xcdatamodeld in Sources */ = {isa = PBXBuildFile; fileRef = DBE129C72ABDD08E003FB6C6 /* iBiome.xcdatamodeld */; };
		DBE129CB2ABDD08E003FB6C6 /* SignupView.swift in Sources */ = {isa = PBXBuildFile; fileRef = DBE129CA2ABDD08E003FB6C6 /* SignupView.swift */; };
		DBE129CD2ABDD090003FB6C6 /* Assets.xcassets in Resources */ = {isa = PBXBuildFile; fileRef = DBE129CC2ABDD090003FB6C6 /* Assets.xcassets */; };
		DBE129D12ABDD090003FB6C6 /* Preview Assets.xcassets in Resources */ = {isa = PBXBuildFile; fileRef = DBE129D02ABDD090003FB6C6 /* Preview Assets.xcassets */; };
		DBE129DB2ABDD936003FB6C6 /* VisualEffectBlur.swift in Sources */ = {isa = PBXBuildFile; fileRef = DBE129DA2ABDD936003FB6C6 /* VisualEffectBlur.swift */; };
		DBE129DE2ABE0E4D003FB6C6 /* GradientText.swift in Sources */ = {isa = PBXBuildFile; fileRef = DBE129DD2ABE0E4D003FB6C6 /* GradientText.swift */; };
		DBE129E02ABE0E5A003FB6C6 /* GradientButton.swift in Sources */ = {isa = PBXBuildFile; fileRef = DBE129DF2ABE0E5A003FB6C6 /* GradientButton.swift */; };
		DBE129E22ABE19DD003FB6C6 /* TextFieldIcon.swift in Sources */ = {isa = PBXBuildFile; fileRef = DBE129E12ABE19DD003FB6C6 /* TextFieldIcon.swift */; };
/* End PBXBuildFile section */

/* Begin PBXFileReference section */
		DB19CAE52AC0655E004DF85D /* Splash.gif */ = {isa = PBXFileReference; lastKnownFileType = image.gif; path = Splash.gif; sourceTree = "<group>"; };
		DB19CAE72AC073B9004DF85D /* SplashView.swift */ = {isa = PBXFileReference; lastKnownFileType = sourcecode.swift; path = SplashView.swift; sourceTree = "<group>"; };
		DB19CAF12AC08869004DF85D /* OnBoardingView.swift */ = {isa = PBXFileReference; lastKnownFileType = sourcecode.swift; path = OnBoardingView.swift; sourceTree = "<group>"; };
		DB19CAF62AC31D94004DF85D /* TabModel.swift */ = {isa = PBXFileReference; lastKnownFileType = sourcecode.swift; path = TabModel.swift; sourceTree = "<group>"; };
		DB19CAFB2AC4C917004DF85D /* PlayfairDisplay-Regular.ttf */ = {isa = PBXFileReference; lastKnownFileType = file; path = "PlayfairDisplay-Regular.ttf"; sourceTree = "<group>"; };
		DB19CAFC2AC4C918004DF85D /* PlayfairDisplay-Bold.ttf */ = {isa = PBXFileReference; lastKnownFileType = file; path = "PlayfairDisplay-Bold.ttf"; sourceTree = "<group>"; };
		DB19CAFF2AC4CBC3004DF85D /* Info.plist */ = {isa = PBXFileReference; lastKnownFileType = text.plist; path = Info.plist; sourceTree = "<group>"; };
		DB667C072AC82B08000FAD83 /* IPDataModel.swift */ = {isa = PBXFileReference; lastKnownFileType = sourcecode.swift; path = IPDataModel.swift; sourceTree = "<group>"; };
		DB667C092AC82F94000FAD83 /* AppViewModel.swift */ = {isa = PBXFileReference; lastKnownFileType = sourcecode.swift; path = AppViewModel.swift; sourceTree = "<group>"; };
		DB6FED232ABEEE3E009A0ED1 /* HomeView.swift */ = {isa = PBXFileReference; lastKnownFileType = sourcecode.swift; path = HomeView.swift; sourceTree = "<group>"; };
		DB6FED272ABF1835009A0ED1 /* SignInWithAppleButton.swift */ = {isa = PBXFileReference; lastKnownFileType = sourcecode.swift; path = SignInWithAppleButton.swift; sourceTree = "<group>"; };
		DBE129C02ABDD08E003FB6C6 /* iBiome.app */ = {isa = PBXFileReference; explicitFileType = wrapper.application; includeInIndex = 0; path = iBiome.app; sourceTree = BUILT_PRODUCTS_DIR; };
		DBE129C32ABDD08E003FB6C6 /* iBiomeApp.swift */ = {isa = PBXFileReference; lastKnownFileType = sourcecode.swift; path = iBiomeApp.swift; sourceTree = "<group>"; };
		DBE129C52ABDD08E003FB6C6 /* Persistence.swift */ = {isa = PBXFileReference; lastKnownFileType = sourcecode.swift; path = Persistence.swift; sourceTree = "<group>"; };
		DBE129C82ABDD08E003FB6C6 /* iBiome.xcdatamodel */ = {isa = PBXFileReference; lastKnownFileType = wrapper.xcdatamodel; path = iBiome.xcdatamodel; sourceTree = "<group>"; };
		DBE129CA2ABDD08E003FB6C6 /* SignupView.swift */ = {isa = PBXFileReference; lastKnownFileType = sourcecode.swift; path = SignupView.swift; sourceTree = "<group>"; };
		DBE129CC2ABDD090003FB6C6 /* Assets.xcassets */ = {isa = PBXFileReference; lastKnownFileType = folder.assetcatalog; path = Assets.xcassets; sourceTree = "<group>"; };
		DBE129CE2ABDD090003FB6C6 /* iBiome.entitlements */ = {isa = PBXFileReference; lastKnownFileType = text.plist.entitlements; path = iBiome.entitlements; sourceTree = "<group>"; };
		DBE129D02ABDD090003FB6C6 /* Preview Assets.xcassets */ = {isa = PBXFileReference; lastKnownFileType = folder.assetcatalog; path = "Preview Assets.xcassets"; sourceTree = "<group>"; };
		DBE129DA2ABDD936003FB6C6 /* VisualEffectBlur.swift */ = {isa = PBXFileReference; fileEncoding = 4; lastKnownFileType = sourcecode.swift; path = VisualEffectBlur.swift; sourceTree = "<group>"; };
		DBE129DD2ABE0E4D003FB6C6 /* GradientText.swift */ = {isa = PBXFileReference; lastKnownFileType = sourcecode.swift; path = GradientText.swift; sourceTree = "<group>"; };
		DBE129DF2ABE0E5A003FB6C6 /* GradientButton.swift */ = {isa = PBXFileReference; lastKnownFileType = sourcecode.swift; path = GradientButton.swift; sourceTree = "<group>"; };
		DBE129E12ABE19DD003FB6C6 /* TextFieldIcon.swift */ = {isa = PBXFileReference; lastKnownFileType = sourcecode.swift; path = TextFieldIcon.swift; sourceTree = "<group>"; };
/* End PBXFileReference section */

/* Begin PBXFrameworksBuildPhase section */
		DBE129BD2ABDD08E003FB6C6 /* Frameworks */ = {
			isa = PBXFrameworksBuildPhase;
			buildActionMask = 2147483647;
			files = (
				DB19CAF02AC081DB004DF85D /* SDWebImageSwiftUI in Frameworks */,
			);
			runOnlyForDeploymentPostprocessing = 0;
		};
/* End PBXFrameworksBuildPhase section */

/* Begin PBXGroup section */
		DB19CAF82AC4C5C4004DF85D /* Fonts */ = {
			isa = PBXGroup;
			children = (
				DB19CAFC2AC4C918004DF85D /* PlayfairDisplay-Bold.ttf */,
				DB19CAFB2AC4C917004DF85D /* PlayfairDisplay-Regular.ttf */,
			);
			path = Fonts;
			sourceTree = "<group>";
		};
		DB667C0B2AC82FA7000FAD83 /* ViewModel */ = {
			isa = PBXGroup;
			children = (
				DB667C092AC82F94000FAD83 /* AppViewModel.swift */,
			);
			path = ViewModel;
			sourceTree = "<group>";
		};
		DB667C0C2AC82FB6000FAD83 /* Mdoel */ = {
			isa = PBXGroup;
			children = (
				DB667C072AC82B08000FAD83 /* IPDataModel.swift */,
			);
			path = Mdoel;
			sourceTree = "<group>";
		};
		DBE129B72ABDD08E003FB6C6 = {
			isa = PBXGroup;
			children = (
				DBE129C22ABDD08E003FB6C6 /* iBiome */,
				DBE129C12ABDD08E003FB6C6 /* Products */,
			);
			sourceTree = "<group>";
		};
		DBE129C12ABDD08E003FB6C6 /* Products */ = {
			isa = PBXGroup;
			children = (
				DBE129C02ABDD08E003FB6C6 /* iBiome.app */,
			);
			name = Products;
			sourceTree = "<group>";
		};
		DBE129C22ABDD08E003FB6C6 /* iBiome */ = {
			isa = PBXGroup;
			children = (
				DB667C0C2AC82FB6000FAD83 /* Mdoel */,
				DB667C0B2AC82FA7000FAD83 /* ViewModel */,
				DB19CAFF2AC4CBC3004DF85D /* Info.plist */,
				DBE129C32ABDD08E003FB6C6 /* iBiomeApp.swift */,
				DBE129DC2ABE0E36003FB6C6 /* View */,
				DBE129CA2ABDD08E003FB6C6 /* SignupView.swift */,
				DB6FED232ABEEE3E009A0ED1 /* HomeView.swift */,
				DB19CAF62AC31D94004DF85D /* TabModel.swift */,
				DBE129C52ABDD08E003FB6C6 /* Persistence.swift */,
				DB19CAE52AC0655E004DF85D /* Splash.gif */,
				DBE129D72ABDD83E003FB6C6 /* Helpers */,
				DBE129CC2ABDD090003FB6C6 /* Assets.xcassets */,
				DBE129CE2ABDD090003FB6C6 /* iBiome.entitlements */,
				DBE129C72ABDD08E003FB6C6 /* iBiome.xcdatamodeld */,
				DBE129CF2ABDD090003FB6C6 /* Preview Content */,
			);
			path = iBiome;
			sourceTree = "<group>";
		};
		DBE129CF2ABDD090003FB6C6 /* Preview Content */ = {
			isa = PBXGroup;
			children = (
				DBE129D02ABDD090003FB6C6 /* Preview Assets.xcassets */,
			);
			path = "Preview Content";
			sourceTree = "<group>";
		};
		DBE129D72ABDD83E003FB6C6 /* Helpers */ = {
			isa = PBXGroup;
			children = (
				DB19CAF82AC4C5C4004DF85D /* Fonts */,
				DBE129DA2ABDD936003FB6C6 /* VisualEffectBlur.swift */,
			);
			path = Helpers;
			sourceTree = "<group>";
		};
		DBE129DC2ABE0E36003FB6C6 /* View */ = {
			isa = PBXGroup;
			children = (
				DBE129DD2ABE0E4D003FB6C6 /* GradientText.swift */,
				DB19CAE72AC073B9004DF85D /* SplashView.swift */,
				DB19CAF12AC08869004DF85D /* OnBoardingView.swift */,
				DBE129DF2ABE0E5A003FB6C6 /* GradientButton.swift */,
				DB6FED272ABF1835009A0ED1 /* SignInWithAppleButton.swift */,
				DBE129E12ABE19DD003FB6C6 /* TextFieldIcon.swift */,
			);
			path = View;
			sourceTree = "<group>";
		};
/* End PBXGroup section */

/* Begin PBXNativeTarget section */
		DBE129BF2ABDD08E003FB6C6 /* iBiome */ = {
			isa = PBXNativeTarget;
			buildConfigurationList = DBE129D42ABDD090003FB6C6 /* Build configuration list for PBXNativeTarget "iBiome" */;
			buildPhases = (
				DBE129BC2ABDD08E003FB6C6 /* Sources */,
				DBE129BD2ABDD08E003FB6C6 /* Frameworks */,
				DBE129BE2ABDD08E003FB6C6 /* Resources */,
			);
			buildRules = (
			);
			dependencies = (
			);
			name = iBiome;
			packageProductDependencies = (
				DB19CAEF2AC081DB004DF85D /* SDWebImageSwiftUI */,
			);
			productName = iBiome;
			productReference = DBE129C02ABDD08E003FB6C6 /* iBiome.app */;
			productType = "com.apple.product-type.application";
		};
/* End PBXNativeTarget section */

/* Begin PBXProject section */
		DBE129B82ABDD08E003FB6C6 /* Project object */ = {
			isa = PBXProject;
			attributes = {
				BuildIndependentTargetsInParallel = 1;
				LastSwiftUpdateCheck = 1500;
				LastUpgradeCheck = 1500;
				TargetAttributes = {
					DBE129BF2ABDD08E003FB6C6 = {
						CreatedOnToolsVersion = 15.0;
					};
				};
			};
			buildConfigurationList = DBE129BB2ABDD08E003FB6C6 /* Build configuration list for PBXProject "iBiome" */;
			compatibilityVersion = "Xcode 14.0";
			developmentRegion = en;
			hasScannedForEncodings = 0;
			knownRegions = (
				en,
				Base,
			);
			mainGroup = DBE129B72ABDD08E003FB6C6;
			packageReferences = (
				DB19CAE92AC080AC004DF85D /* XCRemoteSwiftPackageReference "SDWebImage" */,
				DB19CAEE2AC081DB004DF85D /* XCRemoteSwiftPackageReference "SDWebImageSwiftUI" */,
			);
			productRefGroup = DBE129C12ABDD08E003FB6C6 /* Products */;
			projectDirPath = "";
			projectRoot = "";
			targets = (
				DBE129BF2ABDD08E003FB6C6 /* iBiome */,
			);
		};
/* End PBXProject section */

/* Begin PBXResourcesBuildPhase section */
		DBE129BE2ABDD08E003FB6C6 /* Resources */ = {
			isa = PBXResourcesBuildPhase;
			buildActionMask = 2147483647;
			files = (
				DB19CAFD2AC4C918004DF85D /* PlayfairDisplay-Regular.ttf in Resources */,
				DB19CAE62AC0655E004DF85D /* Splash.gif in Resources */,
				DBE129D12ABDD090003FB6C6 /* Preview Assets.xcassets in Resources */,
				DB19CAFE2AC4C918004DF85D /* PlayfairDisplay-Bold.ttf in Resources */,
				DBE129CD2ABDD090003FB6C6 /* Assets.xcassets in Resources */,
			);
			runOnlyForDeploymentPostprocessing = 0;
		};
/* End PBXResourcesBuildPhase section */

/* Begin PBXSourcesBuildPhase section */
		DBE129BC2ABDD08E003FB6C6 /* Sources */ = {
			isa = PBXSourcesBuildPhase;
			buildActionMask = 2147483647;
			files = (
				DB6FED282ABF1835009A0ED1 /* SignInWithAppleButton.swift in Sources */,
				DB6FED242ABEEE3E009A0ED1 /* HomeView.swift in Sources */,
				DBE129E22ABE19DD003FB6C6 /* TextFieldIcon.swift in Sources */,
				DBE129E02ABE0E5A003FB6C6 /* GradientButton.swift in Sources */,
				DBE129DB2ABDD936003FB6C6 /* VisualEffectBlur.swift in Sources */,
				DB19CAF72AC31D95004DF85D /* TabModel.swift in Sources */,
				DB19CAE82AC073B9004DF85D /* SplashView.swift in Sources */,
				DBE129C92ABDD08E003FB6C6 /* iBiome.xcdatamodeld in Sources */,
				DB667C082AC82B08000FAD83 /* IPDataModel.swift in Sources */,
				DB667C0A2AC82F94000FAD83 /* AppViewModel.swift in Sources */,
				DBE129DE2ABE0E4D003FB6C6 /* GradientText.swift in Sources */,
				DBE129C42ABDD08E003FB6C6 /* iBiomeApp.swift in Sources */,
				DBE129CB2ABDD08E003FB6C6 /* SignupView.swift in Sources */,
				DBE129C62ABDD08E003FB6C6 /* Persistence.swift in Sources */,
				DB19CAF22AC08869004DF85D /* OnBoardingView.swift in Sources */,
			);
			runOnlyForDeploymentPostprocessing = 0;
		};
/* End PBXSourcesBuildPhase section */

/* Begin XCBuildConfiguration section */
		DBE129D22ABDD090003FB6C6 /* Debug */ = {
			isa = XCBuildConfiguration;
			buildSettings = {
				ALWAYS_SEARCH_USER_PATHS = NO;
				ASSETCATALOG_COMPILER_GENERATE_SWIFT_ASSET_SYMBOL_EXTENSIONS = YES;
				CLANG_ANALYZER_NONNULL = YES;
				CLANG_ANALYZER_NUMBER_OBJECT_CONVERSION = YES_AGGRESSIVE;
				CLANG_CXX_LANGUAGE_STANDARD = "gnu++20";
				CLANG_ENABLE_MODULES = YES;
				CLANG_ENABLE_OBJC_ARC = YES;
				CLANG_ENABLE_OBJC_WEAK = YES;
				CLANG_WARN_BLOCK_CAPTURE_AUTORELEASING = YES;
				CLANG_WARN_BOOL_CONVERSION = YES;
				CLANG_WARN_COMMA = YES;
				CLANG_WARN_CONSTANT_CONVERSION = YES;
				CLANG_WARN_DEPRECATED_OBJC_IMPLEMENTATIONS = YES;
				CLANG_WARN_DIRECT_OBJC_ISA_USAGE = YES_ERROR;
				CLANG_WARN_DOCUMENTATION_COMMENTS = YES;
				CLANG_WARN_EMPTY_BODY = YES;
				CLANG_WARN_ENUM_CONVERSION = YES;
				CLANG_WARN_INFINITE_RECURSION = YES;
				CLANG_WARN_INT_CONVERSION = YES;
				CLANG_WARN_NON_LITERAL_NULL_CONVERSION = YES;
				CLANG_WARN_OBJC_IMPLICIT_RETAIN_SELF = YES;
				CLANG_WARN_OBJC_LITERAL_CONVERSION = YES;
				CLANG_WARN_OBJC_ROOT_CLASS = YES_ERROR;
				CLANG_WARN_QUOTED_INCLUDE_IN_FRAMEWORK_HEADER = YES;
				CLANG_WARN_RANGE_LOOP_ANALYSIS = YES;
				CLANG_WARN_STRICT_PROTOTYPES = YES;
				CLANG_WARN_SUSPICIOUS_MOVE = YES;
				CLANG_WARN_UNGUARDED_AVAILABILITY = YES_AGGRESSIVE;
				CLANG_WARN_UNREACHABLE_CODE = YES;
				CLANG_WARN__DUPLICATE_METHOD_MATCH = YES;
				COPY_PHASE_STRIP = NO;
				DEBUG_INFORMATION_FORMAT = dwarf;
				ENABLE_STRICT_OBJC_MSGSEND = YES;
				ENABLE_TESTABILITY = YES;
				ENABLE_USER_SCRIPT_SANDBOXING = YES;
				GCC_C_LANGUAGE_STANDARD = gnu17;
				GCC_DYNAMIC_NO_PIC = NO;
				GCC_NO_COMMON_BLOCKS = YES;
				GCC_OPTIMIZATION_LEVEL = 0;
				GCC_PREPROCESSOR_DEFINITIONS = (
					"DEBUG=1",
					"$(inherited)",
				);
				GCC_WARN_64_TO_32_BIT_CONVERSION = YES;
				GCC_WARN_ABOUT_RETURN_TYPE = YES_ERROR;
				GCC_WARN_UNDECLARED_SELECTOR = YES;
				GCC_WARN_UNINITIALIZED_AUTOS = YES_AGGRESSIVE;
				GCC_WARN_UNUSED_FUNCTION = YES;
				GCC_WARN_UNUSED_VARIABLE = YES;
				LOCALIZATION_PREFERS_STRING_CATALOGS = YES;
				MTL_ENABLE_DEBUG_INFO = INCLUDE_SOURCE;
				MTL_FAST_MATH = YES;
				ONLY_ACTIVE_ARCH = YES;
				SWIFT_ACTIVE_COMPILATION_CONDITIONS = "DEBUG $(inherited)";
				SWIFT_OPTIMIZATION_LEVEL = "-Onone";
			};
			name = Debug;
		};
		DBE129D32ABDD090003FB6C6 /* Release */ = {
			isa = XCBuildConfiguration;
			buildSettings = {
				ALWAYS_SEARCH_USER_PATHS = NO;
				ASSETCATALOG_COMPILER_GENERATE_SWIFT_ASSET_SYMBOL_EXTENSIONS = YES;
				CLANG_ANALYZER_NONNULL = YES;
				CLANG_ANALYZER_NUMBER_OBJECT_CONVERSION = YES_AGGRESSIVE;
				CLANG_CXX_LANGUAGE_STANDARD = "gnu++20";
				CLANG_ENABLE_MODULES = YES;
				CLANG_ENABLE_OBJC_ARC = YES;
				CLANG_ENABLE_OBJC_WEAK = YES;
				CLANG_WARN_BLOCK_CAPTURE_AUTORELEASING = YES;
				CLANG_WARN_BOOL_CONVERSION = YES;
				CLANG_WARN_COMMA = YES;
				CLANG_WARN_CONSTANT_CONVERSION = YES;
				CLANG_WARN_DEPRECATED_OBJC_IMPLEMENTATIONS = YES;
				CLANG_WARN_DIRECT_OBJC_ISA_USAGE = YES_ERROR;
				CLANG_WARN_DOCUMENTATION_COMMENTS = YES;
				CLANG_WARN_EMPTY_BODY = YES;
				CLANG_WARN_ENUM_CONVERSION = YES;
				CLANG_WARN_INFINITE_RECURSION = YES;
				CLANG_WARN_INT_CONVERSION = YES;
				CLANG_WARN_NON_LITERAL_NULL_CONVERSION = YES;
				CLANG_WARN_OBJC_IMPLICIT_RETAIN_SELF = YES;
				CLANG_WARN_OBJC_LITERAL_CONVERSION = YES;
				CLANG_WARN_OBJC_ROOT_CLASS = YES_ERROR;
				CLANG_WARN_QUOTED_INCLUDE_IN_FRAMEWORK_HEADER = YES;
				CLANG_WARN_RANGE_LOOP_ANALYSIS = YES;
				CLANG_WARN_STRICT_PROTOTYPES = YES;
				CLANG_WARN_SUSPICIOUS_MOVE = YES;
				CLANG_WARN_UNGUARDED_AVAILABILITY = YES_AGGRESSIVE;
				CLANG_WARN_UNREACHABLE_CODE = YES;
				CLANG_WARN__DUPLICATE_METHOD_MATCH = YES;
				COPY_PHASE_STRIP = NO;
				DEBUG_INFORMATION_FORMAT = "dwarf-with-dsym";
				ENABLE_NS_ASSERTIONS = NO;
				ENABLE_STRICT_OBJC_MSGSEND = YES;
				ENABLE_USER_SCRIPT_SANDBOXING = YES;
				GCC_C_LANGUAGE_STANDARD = gnu17;
				GCC_NO_COMMON_BLOCKS = YES;
				GCC_WARN_64_TO_32_BIT_CONVERSION = YES;
				GCC_WARN_ABOUT_RETURN_TYPE = YES_ERROR;
				GCC_WARN_UNDECLARED_SELECTOR = YES;
				GCC_WARN_UNINITIALIZED_AUTOS = YES_AGGRESSIVE;
				GCC_WARN_UNUSED_FUNCTION = YES;
				GCC_WARN_UNUSED_VARIABLE = YES;
				LOCALIZATION_PREFERS_STRING_CATALOGS = YES;
				MTL_ENABLE_DEBUG_INFO = NO;
				MTL_FAST_MATH = YES;
				SWIFT_COMPILATION_MODE = wholemodule;
			};
			name = Release;
		};
		DBE129D52ABDD090003FB6C6 /* Debug */ = {
			isa = XCBuildConfiguration;
			buildSettings = {
				ASSETCATALOG_COMPILER_APPICON_NAME = AppIcon;
				ASSETCATALOG_COMPILER_GLOBAL_ACCENT_COLOR_NAME = AccentColor;
				CODE_SIGN_ENTITLEMENTS = iBiome/iBiome.entitlements;
				CODE_SIGN_STYLE = Automatic;
				CURRENT_PROJECT_VERSION = 1;
				DEVELOPMENT_ASSET_PATHS = "\"iBiome/Preview Content\"";
				ENABLE_PREVIEWS = YES;
				GENERATE_INFOPLIST_FILE = YES;
				INFOPLIST_FILE = iBiome/Info.plist;
				"INFOPLIST_KEY_UIApplicationSceneManifest_Generation[sdk=iphoneos*]" = YES;
				"INFOPLIST_KEY_UIApplicationSceneManifest_Generation[sdk=iphonesimulator*]" = YES;
				"INFOPLIST_KEY_UIApplicationSupportsIndirectInputEvents[sdk=iphoneos*]" = YES;
				"INFOPLIST_KEY_UIApplicationSupportsIndirectInputEvents[sdk=iphonesimulator*]" = YES;
				"INFOPLIST_KEY_UILaunchScreen_Generation[sdk=iphoneos*]" = YES;
				"INFOPLIST_KEY_UILaunchScreen_Generation[sdk=iphonesimulator*]" = YES;
				"INFOPLIST_KEY_UIStatusBarStyle[sdk=iphoneos*]" = UIStatusBarStyleDefault;
				"INFOPLIST_KEY_UIStatusBarStyle[sdk=iphonesimulator*]" = UIStatusBarStyleDefault;
				INFOPLIST_KEY_UISupportedInterfaceOrientations_iPad = "UIInterfaceOrientationPortrait UIInterfaceOrientationPortraitUpsideDown UIInterfaceOrientationLandscapeLeft UIInterfaceOrientationLandscapeRight";
				INFOPLIST_KEY_UISupportedInterfaceOrientations_iPhone = "UIInterfaceOrientationPortrait UIInterfaceOrientationLandscapeLeft UIInterfaceOrientationLandscapeRight";
				IPHONEOS_DEPLOYMENT_TARGET = 17.0;
				LD_RUNPATH_SEARCH_PATHS = "@executable_path/Frameworks";
				"LD_RUNPATH_SEARCH_PATHS[sdk=macosx*]" = "@executable_path/../Frameworks";
				MACOSX_DEPLOYMENT_TARGET = 13.5;
				MARKETING_VERSION = 1.0;
				PRODUCT_BUNDLE_IDENTIFIER = "com.-iBiome.iBiome";
				PRODUCT_NAME = "$(TARGET_NAME)";
				SDKROOT = auto;
				SUPPORTED_PLATFORMS = "iphoneos iphonesimulator macosx";
				SWIFT_EMIT_LOC_STRINGS = YES;
				SWIFT_VERSION = 5.0;
				TARGETED_DEVICE_FAMILY = "1,2";
			};
			name = Debug;
		};
		DBE129D62ABDD090003FB6C6 /* Release */ = {
			isa = XCBuildConfiguration;
			buildSettings = {
				ASSETCATALOG_COMPILER_APPICON_NAME = AppIcon;
				ASSETCATALOG_COMPILER_GLOBAL_ACCENT_COLOR_NAME = AccentColor;
				CODE_SIGN_ENTITLEMENTS = iBiome/iBiome.entitlements;
				CODE_SIGN_STYLE = Automatic;
				CURRENT_PROJECT_VERSION = 1;
				DEVELOPMENT_ASSET_PATHS = "\"iBiome/Preview Content\"";
				ENABLE_PREVIEWS = YES;
				GENERATE_INFOPLIST_FILE = YES;
				INFOPLIST_FILE = iBiome/Info.plist;
				"INFOPLIST_KEY_UIApplicationSceneManifest_Generation[sdk=iphoneos*]" = YES;
				"INFOPLIST_KEY_UIApplicationSceneManifest_Generation[sdk=iphonesimulator*]" = YES;
				"INFOPLIST_KEY_UIApplicationSupportsIndirectInputEvents[sdk=iphoneos*]" = YES;
				"INFOPLIST_KEY_UIApplicationSupportsIndirectInputEvents[sdk=iphonesimulator*]" = YES;
				"INFOPLIST_KEY_UILaunchScreen_Generation[sdk=iphoneos*]" = YES;
				"INFOPLIST_KEY_UILaunchScreen_Generation[sdk=iphonesimulator*]" = YES;
				"INFOPLIST_KEY_UIStatusBarStyle[sdk=iphoneos*]" = UIStatusBarStyleDefault;
				"INFOPLIST_KEY_UIStatusBarStyle[sdk=iphonesimulator*]" = UIStatusBarStyleDefault;
				INFOPLIST_KEY_UISupportedInterfaceOrientations_iPad = "UIInterfaceOrientationPortrait UIInterfaceOrientationPortraitUpsideDown UIInterfaceOrientationLandscapeLeft UIInterfaceOrientationLandscapeRight";
				INFOPLIST_KEY_UISupportedInterfaceOrientations_iPhone = "UIInterfaceOrientationPortrait UIInterfaceOrientationLandscapeLeft UIInterfaceOrientationLandscapeRight";
				IPHONEOS_DEPLOYMENT_TARGET = 17.0;
				LD_RUNPATH_SEARCH_PATHS = "@executable_path/Frameworks";
				"LD_RUNPATH_SEARCH_PATHS[sdk=macosx*]" = "@executable_path/../Frameworks";
				MACOSX_DEPLOYMENT_TARGET = 13.5;
				MARKETING_VERSION = 1.0;
				PRODUCT_BUNDLE_IDENTIFIER = "com.-iBiome.iBiome";
				PRODUCT_NAME = "$(TARGET_NAME)";
				SDKROOT = auto;
				SUPPORTED_PLATFORMS = "iphoneos iphonesimulator macosx";
				SWIFT_EMIT_LOC_STRINGS = YES;
				SWIFT_VERSION = 5.0;
				TARGETED_DEVICE_FAMILY = "1,2";
			};
			name = Release;
		};
/* End XCBuildConfiguration section */

/* Begin XCConfigurationList section */
		DBE129BB2ABDD08E003FB6C6 /* Build configuration list for PBXProject "iBiome" */ = {
			isa = XCConfigurationList;
			buildConfigurations = (
				DBE129D22ABDD090003FB6C6 /* Debug */,
				DBE129D32ABDD090003FB6C6 /* Release */,
			);
			defaultConfigurationIsVisible = 0;
			defaultConfigurationName = Release;
		};
		DBE129D42ABDD090003FB6C6 /* Build configuration list for PBXNativeTarget "iBiome" */ = {
			isa = XCConfigurationList;
			buildConfigurations = (
				DBE129D52ABDD090003FB6C6 /* Debug */,
				DBE129D62ABDD090003FB6C6 /* Release */,
			);
			defaultConfigurationIsVisible = 0;
			defaultConfigurationName = Release;
		};
/* End XCConfigurationList section */

/* Begin XCRemoteSwiftPackageReference section */
		DB19CAE92AC080AC004DF85D /* XCRemoteSwiftPackageReference "SDWebImage" */ = {
			isa = XCRemoteSwiftPackageReference;
			repositoryURL = "https://github.com/SDWebImage/SDWebImage.git";
			requirement = {
				kind = upToNextMajorVersion;
				minimumVersion = 5.18.2;
			};
		};
		DB19CAEE2AC081DB004DF85D /* XCRemoteSwiftPackageReference "SDWebImageSwiftUI" */ = {
			isa = XCRemoteSwiftPackageReference;
			repositoryURL = "https://github.com/SDWebImage/SDWebImageSwiftUI.git";
			requirement = {
				kind = upToNextMajorVersion;
				minimumVersion = 2.2.3;
			};
		};
/* End XCRemoteSwiftPackageReference section */

/* Begin XCSwiftPackageProductDependency section */
		DB19CAEF2AC081DB004DF85D /* SDWebImageSwiftUI */ = {
			isa = XCSwiftPackageProductDependency;
			package = DB19CAEE2AC081DB004DF85D /* XCRemoteSwiftPackageReference "SDWebImageSwiftUI" */;
			productName = SDWebImageSwiftUI;
		};
/* End XCSwiftPackageProductDependency section */

/* Begin XCVersionGroup section */
		DBE129C72ABDD08E003FB6C6 /* iBiome.xcdatamodeld */ = {
			isa = XCVersionGroup;
			children = (
				DBE129C82ABDD08E003FB6C6 /* iBiome.xcdatamodel */,
			);
			currentVersion = DBE129C82ABDD08E003FB6C6 /* iBiome.xcdatamodel */;
			path = iBiome.xcdatamodeld;
			sourceTree = "<group>";
			versionGroupType = wrapper.xcdatamodel;
		};
/* End XCVersionGroup section */
	};
	rootObject = DBE129B82ABDD08E003FB6C6 /* Project object */;
}
